
Microsoft Visual Studio Solution File, Format Version 12.00
# Visual Studio Version 16
VisualStudioVersion = 16.0.30002.166
MinimumVisualStudioVersion = 10.0.40219.1
Project("{FAE04EC0-301F-11D3-BF4B-00C04F79EFBC}") = "7 12 доопред бул. ф. до не самодвойств", "7 12 доопред бул. ф. до не самодвойств\7 12 доопред бул. ф. до не самодвойств.csproj", "{1D8AB2C8-2F7E-414A-AC7A-AE8BE3112AB6}"
EndProject
Global
	GlobalSection(SolutionConfigurationPlatforms) = preSolution
		Debug|Any CPU = Debug|Any CPU
		Release|Any CPU = Release|Any CPU
	EndGlobalSection
	GlobalSection(ProjectConfigurationPlatforms) = postSolution
		{1D8AB2C8-2F7E-414A-AC7A-AE8BE3112AB6}.Debug|Any CPU.ActiveCfg = Debug|Any CPU
		{1D8AB2C8-2F7E-414A-AC7A-AE8BE3112AB6}.Debug|Any CPU.Build.0 = Debug|Any CPU
		{1D8AB2C8-2F7E-414A-AC7A-AE8BE3112AB6}.Release|Any CPU.ActiveCfg = Release|Any CPU
		{1D8AB2C8-2F7E-414A-AC7A-AE8BE3112AB6}.Release|Any CPU.Build.0 = Release|Any CPU
	EndGlobalSection
	GlobalSection(SolutionProperties) = preSolution
		HideSolutionNode = FALSE
	EndGlobalSection
	GlobalSection(ExtensibilityGlobals) = postSolution
		SolutionGuid = {52536D34-0D05-43FB-85F9-4E018A6B38C5}
	EndGlobalSection
EndGlobal
