
Microsoft Visual Studio Solution File, Format Version 12.00
# Visual Studio Version 16
VisualStudioVersion = 16.0.30002.166
MinimumVisualStudioVersion = 10.0.40219.1
Project("{FAE04EC0-301F-11D3-BF4B-00C04F79EFBC}") = "2 N-значные числа", "2 N-значные числа\2 N-значные числа.csproj", "{EE5F00F5-F925-4CE8-A9DC-2A52F25357B7}"
EndProject
Global
	GlobalSection(SolutionConfigurationPlatforms) = preSolution
		Debug|Any CPU = Debug|Any CPU
		Release|Any CPU = Release|Any CPU
	EndGlobalSection
	GlobalSection(ProjectConfigurationPlatforms) = postSolution
		{EE5F00F5-F925-4CE8-A9DC-2A52F25357B7}.Debug|Any CPU.ActiveCfg = Debug|Any CPU
		{EE5F00F5-F925-4CE8-A9DC-2A52F25357B7}.Debug|Any CPU.Build.0 = Debug|Any CPU
		{EE5F00F5-F925-4CE8-A9DC-2A52F25357B7}.Release|Any CPU.ActiveCfg = Release|Any CPU
		{EE5F00F5-F925-4CE8-A9DC-2A52F25357B7}.Release|Any CPU.Build.0 = Release|Any CPU
	EndGlobalSection
	GlobalSection(SolutionProperties) = preSolution
		HideSolutionNode = FALSE
	EndGlobalSection
	GlobalSection(ExtensibilityGlobals) = postSolution
		SolutionGuid = {A6B97D9D-4F14-429C-B075-43B998C6EE43}
	EndGlobalSection
EndGlobal
