
Microsoft Visual Studio Solution File, Format Version 12.00
# Visual Studio Version 16
VisualStudioVersion = 16.0.30002.166
MinimumVisualStudioVersion = 10.0.40219.1
Project("{FAE04EC0-301F-11D3-BF4B-00C04F79EFBC}") = "ConsoleApp1", "ConsoleApp1\ConsoleApp1.csproj", "{3345EA2A-0E35-4061-94BB-7F4D3ADA5A53}"
EndProject
Global
	GlobalSection(SolutionConfigurationPlatforms) = preSolution
		Debug|Any CPU = Debug|Any CPU
		Release|Any CPU = Release|Any CPU
	EndGlobalSection
	GlobalSection(ProjectConfigurationPlatforms) = postSolution
		{3345EA2A-0E35-4061-94BB-7F4D3ADA5A53}.Debug|Any CPU.ActiveCfg = Debug|Any CPU
		{3345EA2A-0E35-4061-94BB-7F4D3ADA5A53}.Debug|Any CPU.Build.0 = Debug|Any CPU
		{3345EA2A-0E35-4061-94BB-7F4D3ADA5A53}.Release|Any CPU.ActiveCfg = Release|Any CPU
		{3345EA2A-0E35-4061-94BB-7F4D3ADA5A53}.Release|Any CPU.Build.0 = Release|Any CPU
	EndGlobalSection
	GlobalSection(SolutionProperties) = preSolution
		HideSolutionNode = FALSE
	EndGlobalSection
	GlobalSection(ExtensibilityGlobals) = postSolution
		SolutionGuid = {F859F78C-6120-4139-A5D8-DDD3A3940FC9}
	EndGlobalSection
EndGlobal
