
Microsoft Visual Studio Solution File, Format Version 12.00
# Visual Studio Version 16
VisualStudioVersion = 16.0.30002.166
MinimumVisualStudioVersion = 10.0.40219.1
Project("{FAE04EC0-301F-11D3-BF4B-00C04F79EFBC}") = "1 Наибольшее произведение", "1 Наибольшее произведение\1 Наибольшее произведение.csproj", "{22E094FF-6CE6-4303-8485-958637FCDE4B}"
EndProject
Global
	GlobalSection(SolutionConfigurationPlatforms) = preSolution
		Debug|Any CPU = Debug|Any CPU
		Release|Any CPU = Release|Any CPU
	EndGlobalSection
	GlobalSection(ProjectConfigurationPlatforms) = postSolution
		{22E094FF-6CE6-4303-8485-958637FCDE4B}.Debug|Any CPU.ActiveCfg = Debug|Any CPU
		{22E094FF-6CE6-4303-8485-958637FCDE4B}.Debug|Any CPU.Build.0 = Debug|Any CPU
		{22E094FF-6CE6-4303-8485-958637FCDE4B}.Release|Any CPU.ActiveCfg = Release|Any CPU
		{22E094FF-6CE6-4303-8485-958637FCDE4B}.Release|Any CPU.Build.0 = Release|Any CPU
	EndGlobalSection
	GlobalSection(SolutionProperties) = preSolution
		HideSolutionNode = FALSE
	EndGlobalSection
	GlobalSection(ExtensibilityGlobals) = postSolution
		SolutionGuid = {BAE296A6-64E6-4B5E-8DBD-75126C3A3278}
	EndGlobalSection
EndGlobal
