
Microsoft Visual Studio Solution File, Format Version 12.00
# Visual Studio Version 16
VisualStudioVersion = 16.0.30002.166
MinimumVisualStudioVersion = 10.0.40219.1
Project("{FAE04EC0-301F-11D3-BF4B-00C04F79EFBC}") = "4 119е", "4 119е\4 119е.csproj", "{7F95B5B4-3549-456B-BAF2-DCDC972F6271}"
EndProject
Global
	GlobalSection(SolutionConfigurationPlatforms) = preSolution
		Debug|Any CPU = Debug|Any CPU
		Release|Any CPU = Release|Any CPU
	EndGlobalSection
	GlobalSection(ProjectConfigurationPlatforms) = postSolution
		{7F95B5B4-3549-456B-BAF2-DCDC972F6271}.Debug|Any CPU.ActiveCfg = Debug|Any CPU
		{7F95B5B4-3549-456B-BAF2-DCDC972F6271}.Debug|Any CPU.Build.0 = Debug|Any CPU
		{7F95B5B4-3549-456B-BAF2-DCDC972F6271}.Release|Any CPU.ActiveCfg = Release|Any CPU
		{7F95B5B4-3549-456B-BAF2-DCDC972F6271}.Release|Any CPU.Build.0 = Release|Any CPU
	EndGlobalSection
	GlobalSection(SolutionProperties) = preSolution
		HideSolutionNode = FALSE
	EndGlobalSection
	GlobalSection(ExtensibilityGlobals) = postSolution
		SolutionGuid = {65D9F4BB-6D7E-4B26-8621-C073DCF7F389}
	EndGlobalSection
EndGlobal
